
Microsoft Visual Studio Solution File, Format Version 12.00
# Visual Studio Version 16
VisualStudioVersion = 16.0.30225.117
MinimumVisualStudioVersion = 10.0.40219.1
Project("{00D1A9C2-B5F0-4AF3-8072-F6C62B433612}") = "Database", "Database\Database.sqlproj", "{9D94A483-88D7-4A91-B695-5458706D237E}"
EndProject
Project("{FAE04EC0-301F-11D3-BF4B-00C04F79EFBC}") = "Web", "Web\Web.csproj", "{D71F562D-3658-4D5B-95B1-597363775FD7}"
EndProject
Global
	GlobalSection(SolutionConfigurationPlatforms) = preSolution
		Debug|Any CPU = Debug|Any CPU
		Release|Any CPU = Release|Any CPU
	EndGlobalSection
	GlobalSection(ProjectConfigurationPlatforms) = postSolution
		{9D94A483-88D7-4A91-B695-5458706D237E}.Debug|Any CPU.ActiveCfg = Debug|Any CPU
		{9D94A483-88D7-4A91-B695-5458706D237E}.Debug|Any CPU.Build.0 = Debug|Any CPU
		{9D94A483-88D7-4A91-B695-5458706D237E}.Debug|Any CPU.Deploy.0 = Debug|Any CPU
		{9D94A483-88D7-4A91-B695-5458706D237E}.Release|Any CPU.ActiveCfg = Release|Any CPU
		{9D94A483-88D7-4A91-B695-5458706D237E}.Release|Any CPU.Build.0 = Release|Any CPU
		{9D94A483-88D7-4A91-B695-5458706D237E}.Release|Any CPU.Deploy.0 = Release|Any CPU
		{D71F562D-3658-4D5B-95B1-597363775FD7}.Debug|Any CPU.ActiveCfg = Debug|Any CPU
		{D71F562D-3658-4D5B-95B1-597363775FD7}.Debug|Any CPU.Build.0 = Debug|Any CPU
		{D71F562D-3658-4D5B-95B1-597363775FD7}.Release|Any CPU.ActiveCfg = Release|Any CPU
		{D71F562D-3658-4D5B-95B1-597363775FD7}.Release|Any CPU.Build.0 = Release|Any CPU
	EndGlobalSection
	GlobalSection(SolutionProperties) = preSolution
		HideSolutionNode = FALSE
	EndGlobalSection
	GlobalSection(ExtensibilityGlobals) = postSolution
		SolutionGuid = {7CD481B4-963E-444C-BF79-09530B219F85}
	EndGlobalSection
EndGlobal
